PODS:
  - XGLib (0.2.0):
    - XGLib/Classes (= 0.2.0)
  - XGLib/Classes (0.2.0)

DEPENDENCIES:
  - XGLib (from `../`)

EXTERNAL SOURCES:
  XGLib:
    :path: "../"

SPEC CHECKSUMS:
  XGLib: 41ec3f00aee51f471b0f3144b0a0a6fae848370f

PODFILE CHECKSUM: 14e588890eed4b7e7727f4423ea6574e820c7899

COCOAPODS: 1.10.0
