PODS:
  - XGLib (0.2.0):
    - XGLib/Classes (= 0.2.0)
  - XGLib/Classes (0.2.0)

DEPENDENCIES:
  - XGLib (from `../`)

EXTERNAL SOURCES:
  XGLib:
    :path: "../"

SPEC CHECKSUMS:
  XGLib: 41ec3f00aee51f471b0f3144b0a0a6fae848370f

PODFILE CHECKSUM: 36a2b3bf56a69e4d692a39a805b253b11b06054f

COCOAPODS: 1.10.0
